// !$*UTF8*$!
{
	archiveVersion = 1;
	classes = {
	};
	objectVersion = 50;
	objects = {

/* Begin PBXBuildFile section */
		332713792416107800D8AE53 /* Q42ViewController.swift in Sources */ = {isa = PBXBuildFile; fileRef = 332713782416107800D8AE53 /* Q42ViewController.swift */; };
		332713872418E1E800D8AE53 /* Q48ViewController.swift in Sources */ = {isa = PBXBuildFile; fileRef = 332713862418E1E800D8AE53 /* Q48ViewController.swift */; };
		335C17F2229573B200182641 /* LongestPalindromicSubstringViewController.swift in Sources */ = {isa = PBXBuildFile; fileRef = 335C17F1229573B200182641 /* LongestPalindromicSubstringViewController.swift */; };
		33B582EA23682DC6007146BA /* LNContainerWaterViewController.swift in Sources */ = {isa = PBXBuildFile; fileRef = 33B582E923682DC6007146BA /* LNContainerWaterViewController.swift */; };
		33B582EC23692601007146BA /* ThreeSumViewController.swift in Sources */ = {isa = PBXBuildFile; fileRef = 33B582EB23692601007146BA /* ThreeSumViewController.swift */; };
		33B582EE2369888D007146BA /* ThressSumClosestViewController.swift in Sources */ = {isa = PBXBuildFile; fileRef = 33B582ED2369888D007146BA /* ThressSumClosestViewController.swift */; };
		33B582F0236ADDC1007146BA /* FourSumViewController.swift in Sources */ = {isa = PBXBuildFile; fileRef = 33B582EF236ADDC1007146BA /* FourSumViewController.swift */; };
		33B845222417E05E001E8FBE /* Q45ViewController.swift in Sources */ = {isa = PBXBuildFile; fileRef = 33B845212417E05E001E8FBE /* Q45ViewController.swift */; };
		33CE824F240A9B1800AB5384 /* Q26ViewController.swift in Sources */ = {isa = PBXBuildFile; fileRef = 33CE824E240A9B1800AB5384 /* Q26ViewController.swift */; };
		33CE8253240C043600AB5384 /* Q31ViewController.swift in Sources */ = {isa = PBXBuildFile; fileRef = 33CE8252240C043600AB5384 /* Q31ViewController.swift */; };
		33D941EA2412411F00834A2E /* Q39ViewController.swift in Sources */ = {isa = PBXBuildFile; fileRef = 33D941E92412411F00834A2E /* Q39ViewController.swift */; };
		33F2AEFC240E95D900EA8CC7 /* Q33ViewController.swift in Sources */ = {isa = PBXBuildFile; fileRef = 33F2AEFB240E95D900EA8CC7 /* Q33ViewController.swift */; };
		33F2AEFE240FEEEB00EA8CC7 /* Q34ViewController.swift in Sources */ = {isa = PBXBuildFile; fileRef = 33F2AEFD240FEEEB00EA8CC7 /* Q34ViewController.swift */; };
		33F2AF042411514D00EA8CC7 /* Q35ViewController.swift in Sources */ = {isa = PBXBuildFile; fileRef = 33F2AF032411514D00EA8CC7 /* Q35ViewController.swift */; };
		33F2AF062413898800EA8CC7 /* Q40ViewController.swift in Sources */ = {isa = PBXBuildFile; fileRef = 33F2AF052413898800EA8CC7 /* Q40ViewController.swift */; };
		33F2AF082415421000EA8CC7 /* Q41ViewController.swift in Sources */ = {isa = PBXBuildFile; fileRef = 33F2AF072415421000EA8CC7 /* Q41ViewController.swift */; };
		EC392833223A385100E23E3A /* LNBaseViewController.swift in Sources */ = {isa = PBXBuildFile; fileRef = EC392832223A385100E23E3A /* LNBaseViewController.swift */; };
		EC392835223A4AC300E23E3A /* LongestSubstringViewController.swift in Sources */ = {isa = PBXBuildFile; fileRef = EC392834223A4AC300E23E3A /* LongestSubstringViewController.swift */; };
		EC392839223B50D400E23E3A /* TwoSortedArrayMedianViewController.swift in Sources */ = {isa = PBXBuildFile; fileRef = EC392838223B50D400E23E3A /* TwoSortedArrayMedianViewController.swift */; };
		ECD2C7BC21EC716600C21242 /* AppDelegate.swift in Sources */ = {isa = PBXBuildFile; fileRef = ECD2C7BB21EC716600C21242 /* AppDelegate.swift */; };
		ECD2C7BE21EC716600C21242 /* ViewController.swift in Sources */ = {isa = PBXBuildFile; fileRef = ECD2C7BD21EC716600C21242 /* ViewController.swift */; };
		ECD2C7C121EC716600C21242 /* Main.storyboard in Resources */ = {isa = PBXBuildFile; fileRef = ECD2C7BF21EC716600C21242 /* Main.storyboard */; };
		ECD2C7C321EC716700C21242 /* Assets.xcassets in Resources */ = {isa = PBXBuildFile; fileRef = ECD2C7C221EC716700C21242 /* Assets.xcassets */; };
		ECD2C7D121EC716700C21242 /* LeetCode_Swift_masterTests.swift in Sources */ = {isa = PBXBuildFile; fileRef = ECD2C7D021EC716700C21242 /* LeetCode_Swift_masterTests.swift */; };
		ECD2C7DC21EC716700C21242 /* LeetCode_Swift_masterUITests.swift in Sources */ = {isa = PBXBuildFile; fileRef = ECD2C7DB21EC716700C21242 /* LeetCode_Swift_masterUITests.swift */; };
		ECD2C7EA21EC73EB00C21242 /* Launch Screen.storyboard in Resources */ = {isa = PBXBuildFile; fileRef = ECD2C7E921EC73EB00C21242 /* Launch Screen.storyboard */; };
		ECD2C7F321EC754600C21242 /* TwoSumViewController.swift in Sources */ = {isa = PBXBuildFile; fileRef = ECD2C7F221EC754600C21242 /* TwoSumViewController.swift */; };
		ECDC922E21EC8DAC00C5FE89 /* AddTwoNumbersViewController.swift in Sources */ = {isa = PBXBuildFile; fileRef = ECDC922D21EC8DAC00C5FE89 /* AddTwoNumbersViewController.swift */; };
/* End PBXBuildFile section */

/* Begin PBXContainerItemProxy section */
		ECD2C7CD21EC716700C21242 /* PBXContainerItemProxy */ = {
			isa = PBXContainerItemProxy;
			containerPortal = ECD2C7B021EC716600C21242 /* Project object */;
			proxyType = 1;
			remoteGlobalIDString = ECD2C7B721EC716600C21242;
			remoteInfo = "LeetCode-Swift-master";
		};
		ECD2C7D821EC716700C21242 /* PBXContainerItemProxy */ = {
			isa = PBXContainerItemProxy;
			containerPortal = ECD2C7B021EC716600C21242 /* Project object */;
			proxyType = 1;
			remoteGlobalIDString = ECD2C7B721EC716600C21242;
			remoteInfo = "LeetCode-Swift-master";
		};
/* End PBXContainerItemProxy section */

/* Begin PBXFileReference section */
		332713782416107800D8AE53 /* Q42ViewController.swift */ = {isa = PBXFileReference; lastKnownFileType = sourcecode.swift; path = Q42ViewController.swift; sourceTree = "<group>"; };
		332713862418E1E800D8AE53 /* Q48ViewController.swift */ = {isa = PBXFileReference; lastKnownFileType = sourcecode.swift; path = Q48ViewController.swift; sourceTree = "<group>"; };
		335C17F1229573B200182641 /* LongestPalindromicSubstringViewController.swift */ = {isa = PBXFileReference; lastKnownFileType = sourcecode.swift; path = LongestPalindromicSubstringViewController.swift; sourceTree = "<group>"; };
		33B582E923682DC6007146BA /* LNContainerWaterViewController.swift */ = {isa = PBXFileReference; lastKnownFileType = sourcecode.swift; path = LNContainerWaterViewController.swift; sourceTree = "<group>"; };
		33B582EB23692601007146BA /* ThreeSumViewController.swift */ = {isa = PBXFileReference; lastKnownFileType = sourcecode.swift; path = ThreeSumViewController.swift; sourceTree = "<group>"; };
		33B582ED2369888D007146BA /* ThressSumClosestViewController.swift */ = {isa = PBXFileReference; lastKnownFileType = sourcecode.swift; path = ThressSumClosestViewController.swift; sourceTree = "<group>"; };
		33B582EF236ADDC1007146BA /* FourSumViewController.swift */ = {isa = PBXFileReference; lastKnownFileType = sourcecode.swift; path = FourSumViewController.swift; sourceTree = "<group>"; };
		33B845212417E05E001E8FBE /* Q45ViewController.swift */ = {isa = PBXFileReference; lastKnownFileType = sourcecode.swift; path = Q45ViewController.swift; sourceTree = "<group>"; };
		33CE824E240A9B1800AB5384 /* Q26ViewController.swift */ = {isa = PBXFileReference; lastKnownFileType = sourcecode.swift; path = Q26ViewController.swift; sourceTree = "<group>"; };
		33CE8252240C043600AB5384 /* Q31ViewController.swift */ = {isa = PBXFileReference; lastKnownFileType = sourcecode.swift; path = Q31ViewController.swift; sourceTree = "<group>"; };
		33D941E92412411F00834A2E /* Q39ViewController.swift */ = {isa = PBXFileReference; lastKnownFileType = sourcecode.swift; path = Q39ViewController.swift; sourceTree = "<group>"; };
		33F2AEFB240E95D900EA8CC7 /* Q33ViewController.swift */ = {isa = PBXFileReference; lastKnownFileType = sourcecode.swift; path = Q33ViewController.swift; sourceTree = "<group>"; };
		33F2AEFD240FEEEB00EA8CC7 /* Q34ViewController.swift */ = {isa = PBXFileReference; lastKnownFileType = sourcecode.swift; path = Q34ViewController.swift; sourceTree = "<group>"; };
		33F2AF032411514D00EA8CC7 /* Q35ViewController.swift */ = {isa = PBXFileReference; lastKnownFileType = sourcecode.swift; path = Q35ViewController.swift; sourceTree = "<group>"; };
		33F2AF052413898800EA8CC7 /* Q40ViewController.swift */ = {isa = PBXFileReference; lastKnownFileType = sourcecode.swift; path = Q40ViewController.swift; sourceTree = "<group>"; };
		33F2AF072415421000EA8CC7 /* Q41ViewController.swift */ = {isa = PBXFileReference; lastKnownFileType = sourcecode.swift; path = Q41ViewController.swift; sourceTree = "<group>"; };
		EC392832223A385100E23E3A /* LNBaseViewController.swift */ = {isa = PBXFileReference; lastKnownFileType = sourcecode.swift; path = LNBaseViewController.swift; sourceTree = "<group>"; };
		EC392834223A4AC300E23E3A /* LongestSubstringViewController.swift */ = {isa = PBXFileReference; lastKnownFileType = sourcecode.swift; path = LongestSubstringViewController.swift; sourceTree = "<group>"; };
		EC392838223B50D400E23E3A /* TwoSortedArrayMedianViewController.swift */ = {isa = PBXFileReference; lastKnownFileType = sourcecode.swift; path = TwoSortedArrayMedianViewController.swift; sourceTree = "<group>"; };
		ECD2C7B821EC716600C21242 /* LeetCodeSwiftMaster.app */ = {isa = PBXFileReference; explicitFileType = wrapper.application; includeInIndex = 0; path = LeetCodeSwiftMaster.app; sourceTree = BUILT_PRODUCTS_DIR; };
		ECD2C7BB21EC716600C21242 /* AppDelegate.swift */ = {isa = PBXFileReference; lastKnownFileType = sourcecode.swift; path = AppDelegate.swift; sourceTree = "<group>"; };
		ECD2C7BD21EC716600C21242 /* ViewController.swift */ = {isa = PBXFileReference; lastKnownFileType = sourcecode.swift; path = ViewController.swift; sourceTree = "<group>"; };
		ECD2C7C021EC716600C21242 /* Base */ = {isa = PBXFileReference; lastKnownFileType = file.storyboard; name = Base; path = Base.lproj/Main.storyboard; sourceTree = "<group>"; };
		ECD2C7C221EC716700C21242 /* Assets.xcassets */ = {isa = PBXFileReference; lastKnownFileType = folder.assetcatalog; path = Assets.xcassets; sourceTree = "<group>"; };
		ECD2C7C721EC716700C21242 /* Info.plist */ = {isa = PBXFileReference; lastKnownFileType = text.plist.xml; path = Info.plist; sourceTree = "<group>"; };
		ECD2C7CC21EC716700C21242 /* LeetCode-Swift-masterTests.xctest */ = {isa = PBXFileReference; explicitFileType = wrapper.cfbundle; includeInIndex = 0; path = "LeetCode-Swift-masterTests.xctest"; sourceTree = BUILT_PRODUCTS_DIR; };
		ECD2C7D021EC716700C21242 /* LeetCode_Swift_masterTests.swift */ = {isa = PBXFileReference; lastKnownFileType = sourcecode.swift; path = LeetCode_Swift_masterTests.swift; sourceTree = "<group>"; };
		ECD2C7D221EC716700C21242 /* Info.plist */ = {isa = PBXFileReference; lastKnownFileType = text.plist.xml; path = Info.plist; sourceTree = "<group>"; };
		ECD2C7D721EC716700C21242 /* LeetCode-Swift-masterUITests.xctest */ = {isa = PBXFileReference; explicitFileType = wrapper.cfbundle; includeInIndex = 0; path = "LeetCode-Swift-masterUITests.xctest"; sourceTree = BUILT_PRODUCTS_DIR; };
		ECD2C7DB21EC716700C21242 /* LeetCode_Swift_masterUITests.swift */ = {isa = PBXFileReference; lastKnownFileType = sourcecode.swift; path = LeetCode_Swift_masterUITests.swift; sourceTree = "<group>"; };
		ECD2C7DD21EC716700C21242 /* Info.plist */ = {isa = PBXFileReference; lastKnownFileType = text.plist.xml; path = Info.plist; sourceTree = "<group>"; };
		ECD2C7E921EC73EB00C21242 /* Launch Screen.storyboard */ = {isa = PBXFileReference; lastKnownFileType = file.storyboard; path = "Launch Screen.storyboard"; sourceTree = "<group>"; };
		ECD2C7F221EC754600C21242 /* TwoSumViewController.swift */ = {isa = PBXFileReference; lastKnownFileType = sourcecode.swift; path = TwoSumViewController.swift; sourceTree = "<group>"; };
		ECDC922D21EC8DAC00C5FE89 /* AddTwoNumbersViewController.swift */ = {isa = PBXFileReference; lastKnownFileType = sourcecode.swift; path = AddTwoNumbersViewController.swift; sourceTree = "<group>"; };
/* End PBXFileReference section */

/* Begin PBXFrameworksBuildPhase section */
		ECD2C7B521EC716600C21242 /* Frameworks */ = {
			isa = PBXFrameworksBuildPhase;
			buildActionMask = 2147483647;
			files = (
			);
			runOnlyForDeploymentPostprocessing = 0;
		};
		ECD2C7C921EC716700C21242 /* Frameworks */ = {
			isa = PBXFrameworksBuildPhase;
			buildActionMask = 2147483647;
			files = (
			);
			runOnlyForDeploymentPostprocessing = 0;
		};
		ECD2C7D421EC716700C21242 /* Frameworks */ = {
			isa = PBXFrameworksBuildPhase;
			buildActionMask = 2147483647;
			files = (
			);
			runOnlyForDeploymentPostprocessing = 0;
		};
/* End PBXFrameworksBuildPhase section */

/* Begin PBXGroup section */
		ECD2C7AF21EC716600C21242 = {
			isa = PBXGroup;
			children = (
				ECD2C7BA21EC716600C21242 /* LeetCode-Swift-master */,
				ECD2C7CF21EC716700C21242 /* LeetCode-Swift-masterTests */,
				ECD2C7DA21EC716700C21242 /* LeetCode-Swift-masterUITests */,
				ECD2C7B921EC716600C21242 /* Products */,
			);
			sourceTree = "<group>";
		};
		ECD2C7B921EC716600C21242 /* Products */ = {
			isa = PBXGroup;
			children = (
				ECD2C7B821EC716600C21242 /* LeetCodeSwiftMaster.app */,
				ECD2C7CC21EC716700C21242 /* LeetCode-Swift-masterTests.xctest */,
				ECD2C7D721EC716700C21242 /* LeetCode-Swift-masterUITests.xctest */,
			);
			name = Products;
			sourceTree = "<group>";
		};
		ECD2C7BA21EC716600C21242 /* LeetCode-Swift-master */ = {
			isa = PBXGroup;
			children = (
				ECD2C7F421EC754C00C21242 /* LeetCode */,
				ECD2C7BB21EC716600C21242 /* AppDelegate.swift */,
				ECD2C7BD21EC716600C21242 /* ViewController.swift */,
				ECD2C7BF21EC716600C21242 /* Main.storyboard */,
				ECD2C7C221EC716700C21242 /* Assets.xcassets */,
				ECD2C7C721EC716700C21242 /* Info.plist */,
				ECD2C7E921EC73EB00C21242 /* Launch Screen.storyboard */,
			);
			path = "LeetCode-Swift-master";
			sourceTree = "<group>";
		};
		ECD2C7CF21EC716700C21242 /* LeetCode-Swift-masterTests */ = {
			isa = PBXGroup;
			children = (
				ECD2C7D021EC716700C21242 /* LeetCode_Swift_masterTests.swift */,
				ECD2C7D221EC716700C21242 /* Info.plist */,
			);
			path = "LeetCode-Swift-masterTests";
			sourceTree = "<group>";
		};
		ECD2C7DA21EC716700C21242 /* LeetCode-Swift-masterUITests */ = {
			isa = PBXGroup;
			children = (
				ECD2C7DB21EC716700C21242 /* LeetCode_Swift_masterUITests.swift */,
				ECD2C7DD21EC716700C21242 /* Info.plist */,
			);
			path = "LeetCode-Swift-masterUITests";
			sourceTree = "<group>";
		};
		ECD2C7F421EC754C00C21242 /* LeetCode */ = {
			isa = PBXGroup;
			children = (
				ECD2C7F221EC754600C21242 /* TwoSumViewController.swift */,
				ECDC922D21EC8DAC00C5FE89 /* AddTwoNumbersViewController.swift */,
				EC392832223A385100E23E3A /* LNBaseViewController.swift */,
				EC392834223A4AC300E23E3A /* LongestSubstringViewController.swift */,
				EC392838223B50D400E23E3A /* TwoSortedArrayMedianViewController.swift */,
				335C17F1229573B200182641 /* LongestPalindromicSubstringViewController.swift */,
				33B582E923682DC6007146BA /* LNContainerWaterViewController.swift */,
				33B582EB23692601007146BA /* ThreeSumViewController.swift */,
				33B582ED2369888D007146BA /* ThressSumClosestViewController.swift */,
				33B582EF236ADDC1007146BA /* FourSumViewController.swift */,
				33CE824E240A9B1800AB5384 /* Q26ViewController.swift */,
				33CE8252240C043600AB5384 /* Q31ViewController.swift */,
				33F2AEFB240E95D900EA8CC7 /* Q33ViewController.swift */,
				33F2AEFD240FEEEB00EA8CC7 /* Q34ViewController.swift */,
				33F2AF032411514D00EA8CC7 /* Q35ViewController.swift */,
				33D941E92412411F00834A2E /* Q39ViewController.swift */,
				33F2AF052413898800EA8CC7 /* Q40ViewController.swift */,
				33F2AF072415421000EA8CC7 /* Q41ViewController.swift */,
				332713782416107800D8AE53 /* Q42ViewController.swift */,
				33B845212417E05E001E8FBE /* Q45ViewController.swift */,
				332713862418E1E800D8AE53 /* Q48ViewController.swift */,
			);
			path = LeetCode;
			sourceTree = "<group>";
		};
/* End PBXGroup section */

/* Begin PBXNativeTarget section */
		ECD2C7B721EC716600C21242 /* LeetCode-Swift-master */ = {
			isa = PBXNativeTarget;
			buildConfigurationList = ECD2C7E021EC716700C21242 /* Build configuration list for PBXNativeTarget "LeetCode-Swift-master" */;
			buildPhases = (
				ECD2C7B421EC716600C21242 /* Sources */,
				ECD2C7B521EC716600C21242 /* Frameworks */,
				ECD2C7B621EC716600C21242 /* Resources */,
			);
			buildRules = (
			);
			dependencies = (
			);
			name = "LeetCode-Swift-master";
			productName = "LeetCode-Swift-master";
			productReference = ECD2C7B821EC716600C21242 /* LeetCodeSwiftMaster.app */;
			productType = "com.apple.product-type.application";
		};
		ECD2C7CB21EC716700C21242 /* LeetCode-Swift-masterTests */ = {
			isa = PBXNativeTarget;
			buildConfigurationList = ECD2C7E321EC716700C21242 /* Build configuration list for PBXNativeTarget "LeetCode-Swift-masterTests" */;
			buildPhases = (
				ECD2C7C821EC716700C21242 /* Sources */,
				ECD2C7C921EC716700C21242 /* Frameworks */,
				ECD2C7CA21EC716700C21242 /* Resources */,
			);
			buildRules = (
			);
			dependencies = (
				ECD2C7CE21EC716700C21242 /* PBXTargetDependency */,
			);
			name = "LeetCode-Swift-masterTests";
			productName = "LeetCode-Swift-masterTests";
			productReference = ECD2C7CC21EC716700C21242 /* LeetCode-Swift-masterTests.xctest */;
			productType = "com.apple.product-type.bundle.unit-test";
		};
		ECD2C7D621EC716700C21242 /* LeetCode-Swift-masterUITests */ = {
			isa = PBXNativeTarget;
			buildConfigurationList = ECD2C7E621EC716700C21242 /* Build configuration list for PBXNativeTarget "LeetCode-Swift-masterUITests" */;
			buildPhases = (
				ECD2C7D321EC716700C21242 /* Sources */,
				ECD2C7D421EC716700C21242 /* Frameworks */,
				ECD2C7D521EC716700C21242 /* Resources */,
			);
			buildRules = (
			);
			dependencies = (
				ECD2C7D921EC716700C21242 /* PBXTargetDependency */,
			);
			name = "LeetCode-Swift-masterUITests";
			productName = "LeetCode-Swift-masterUITests";
			productReference = ECD2C7D721EC716700C21242 /* LeetCode-Swift-masterUITests.xctest */;
			productType = "com.apple.product-type.bundle.ui-testing";
		};
/* End PBXNativeTarget section */

/* Begin PBXProject section */
		ECD2C7B021EC716600C21242 /* Project object */ = {
			isa = PBXProject;
			attributes = {
				LastSwiftUpdateCheck = 1010;
				LastUpgradeCheck = 1010;
				ORGANIZATIONNAME = Lengain;
				TargetAttributes = {
					ECD2C7B721EC716600C21242 = {
						CreatedOnToolsVersion = 10.1;
						LastSwiftMigration = 1130;
					};
					ECD2C7CB21EC716700C21242 = {
						CreatedOnToolsVersion = 10.1;
						TestTargetID = ECD2C7B721EC716600C21242;
					};
					ECD2C7D621EC716700C21242 = {
						CreatedOnToolsVersion = 10.1;
						TestTargetID = ECD2C7B721EC716600C21242;
					};
				};
			};
			buildConfigurationList = ECD2C7B321EC716600C21242 /* Build configuration list for PBXProject "LeetCode-Swift-master" */;
			compatibilityVersion = "Xcode 9.3";
			developmentRegion = en;
			hasScannedForEncodings = 0;
			knownRegions = (
				en,
				Base,
			);
			mainGroup = ECD2C7AF21EC716600C21242;
			productRefGroup = ECD2C7B921EC716600C21242 /* Products */;
			projectDirPath = "";
			projectRoot = "";
			targets = (
				ECD2C7B721EC716600C21242 /* LeetCode-Swift-master */,
				ECD2C7CB21EC716700C21242 /* LeetCode-Swift-masterTests */,
				ECD2C7D621EC716700C21242 /* LeetCode-Swift-masterUITests */,
			);
		};
/* End PBXProject section */

/* Begin PBXResourcesBuildPhase section */
		ECD2C7B621EC716600C21242 /* Resources */ = {
			isa = PBXResourcesBuildPhase;
			buildActionMask = 2147483647;
			files = (
				ECD2C7EA21EC73EB00C21242 /* Launch Screen.storyboard in Resources */,
				ECD2C7C321EC716700C21242 /* Assets.xcassets in Resources */,
				ECD2C7C121EC716600C21242 /* Main.storyboard in Resources */,
			);
			runOnlyForDeploymentPostprocessing = 0;
		};
		ECD2C7CA21EC716700C21242 /* Resources */ = {
			isa = PBXResourcesBuildPhase;
			buildActionMask = 2147483647;
			files = (
			);
			runOnlyForDeploymentPostprocessing = 0;
		};
		ECD2C7D521EC716700C21242 /* Resources */ = {
			isa = PBXResourcesBuildPhase;
			buildActionMask = 2147483647;
			files = (
			);
			runOnlyForDeploymentPostprocessing = 0;
		};
/* End PBXResourcesBuildPhase section */

/* Begin PBXSourcesBuildPhase section */
		ECD2C7B421EC716600C21242 /* Sources */ = {
			isa = PBXSourcesBuildPhase;
			buildActionMask = 2147483647;
			files = (
				33B582EA23682DC6007146BA /* LNContainerWaterViewController.swift in Sources */,
				33B582EC23692601007146BA /* ThreeSumViewController.swift in Sources */,
				335C17F2229573B200182641 /* LongestPalindromicSubstringViewController.swift in Sources */,
				ECD2C7F321EC754600C21242 /* TwoSumViewController.swift in Sources */,
				ECD2C7BE21EC716600C21242 /* ViewController.swift in Sources */,
				33B845222417E05E001E8FBE /* Q45ViewController.swift in Sources */,
				EC392833223A385100E23E3A /* LNBaseViewController.swift in Sources */,
				33B582F0236ADDC1007146BA /* FourSumViewController.swift in Sources */,
				33F2AF082415421000EA8CC7 /* Q41ViewController.swift in Sources */,
				332713792416107800D8AE53 /* Q42ViewController.swift in Sources */,
				ECDC922E21EC8DAC00C5FE89 /* AddTwoNumbersViewController.swift in Sources */,
				ECD2C7BC21EC716600C21242 /* AppDelegate.swift in Sources */,
				33F2AEFE240FEEEB00EA8CC7 /* Q34ViewController.swift in Sources */,
				33F2AF042411514D00EA8CC7 /* Q35ViewController.swift in Sources */,
				33CE824F240A9B1800AB5384 /* Q26ViewController.swift in Sources */,
				33F2AF062413898800EA8CC7 /* Q40ViewController.swift in Sources */,
				EC392835223A4AC300E23E3A /* LongestSubstringViewController.swift in Sources */,
				33F2AEFC240E95D900EA8CC7 /* Q33ViewController.swift in Sources */,
				EC392839223B50D400E23E3A /* TwoSortedArrayMedianViewController.swift in Sources */,
				33CE8253240C043600AB5384 /* Q31ViewController.swift in Sources */,
				33D941EA2412411F00834A2E /* Q39ViewController.swift in Sources */,
				33B582EE2369888D007146BA /* ThressSumClosestViewController.swift in Sources */,
				332713872418E1E800D8AE53 /* Q48ViewController.swift in Sources */,
			);
			runOnlyForDeploymentPostprocessing = 0;
		};
		ECD2C7C821EC716700C21242 /* Sources */ = {
			isa = PBXSourcesBuildPhase;
			buildActionMask = 2147483647;
			files = (
				ECD2C7D121EC716700C21242 /* LeetCode_Swift_masterTests.swift in Sources */,
			);
			runOnlyForDeploymentPostprocessing = 0;
		};
		ECD2C7D321EC716700C21242 /* Sources */ = {
			isa = PBXSourcesBuildPhase;
			buildActionMask = 2147483647;
			files = (
				ECD2C7DC21EC716700C21242 /* LeetCode_Swift_masterUITests.swift in Sources */,
			);
			runOnlyForDeploymentPostprocessing = 0;
		};
/* End PBXSourcesBuildPhase section */

/* Begin PBXTargetDependency section */
		ECD2C7CE21EC716700C21242 /* PBXTargetDependency */ = {
			isa = PBXTargetDependency;
			target = ECD2C7B721EC716600C21242 /* LeetCode-Swift-master */;
			targetProxy = ECD2C7CD21EC716700C21242 /* PBXContainerItemProxy */;
		};
		ECD2C7D921EC716700C21242 /* PBXTargetDependency */ = {
			isa = PBXTargetDependency;
			target = ECD2C7B721EC716600C21242 /* LeetCode-Swift-master */;
			targetProxy = ECD2C7D821EC716700C21242 /* PBXContainerItemProxy */;
		};
/* End PBXTargetDependency section */

/* Begin PBXVariantGroup section */
		ECD2C7BF21EC716600C21242 /* Main.storyboard */ = {
			isa = PBXVariantGroup;
			children = (
				ECD2C7C021EC716600C21242 /* Base */,
			);
			name = Main.storyboard;
			sourceTree = "<group>";
		};
/* End PBXVariantGroup section */

/* Begin XCBuildConfiguration section */
		ECD2C7DE21EC716700C21242 /* Debug */ = {
			isa = XCBuildConfiguration;
			buildSettings = {
				ALWAYS_SEARCH_USER_PATHS = NO;
				CLANG_ANALYZER_NONNULL = YES;
				CLANG_ANALYZER_NUMBER_OBJECT_CONVERSION = YES_AGGRESSIVE;
				CLANG_CXX_LANGUAGE_STANDARD = "gnu++14";
				CLANG_CXX_LIBRARY = "libc++";
				CLANG_ENABLE_MODULES = YES;
				CLANG_ENABLE_OBJC_ARC = YES;
				CLANG_ENABLE_OBJC_WEAK = YES;
				CLANG_WARN_BLOCK_CAPTURE_AUTORELEASING = YES;
				CLANG_WARN_BOOL_CONVERSION = YES;
				CLANG_WARN_COMMA = YES;
				CLANG_WARN_CONSTANT_CONVERSION = YES;
				CLANG_WARN_DEPRECATED_OBJC_IMPLEMENTATIONS = YES;
				CLANG_WARN_DIRECT_OBJC_ISA_USAGE = YES_ERROR;
				CLANG_WARN_DOCUMENTATION_COMMENTS = YES;
				CLANG_WARN_EMPTY_BODY = YES;
				CLANG_WARN_ENUM_CONVERSION = YES;
				CLANG_WARN_INFINITE_RECURSION = YES;
				CLANG_WARN_INT_CONVERSION = YES;
				CLANG_WARN_NON_LITERAL_NULL_CONVERSION = YES;
				CLANG_WARN_OBJC_IMPLICIT_RETAIN_SELF = YES;
				CLANG_WARN_OBJC_LITERAL_CONVERSION = YES;
				CLANG_WARN_OBJC_ROOT_CLASS = YES_ERROR;
				CLANG_WARN_RANGE_LOOP_ANALYSIS = YES;
				CLANG_WARN_STRICT_PROTOTYPES = YES;
				CLANG_WARN_SUSPICIOUS_MOVE = YES;
				CLANG_WARN_UNGUARDED_AVAILABILITY = YES_AGGRESSIVE;
				CLANG_WARN_UNREACHABLE_CODE = YES;
				CLANG_WARN__DUPLICATE_METHOD_MATCH = YES;
				CODE_SIGN_IDENTITY = "iPhone Developer";
				COPY_PHASE_STRIP = NO;
				DEBUG_INFORMATION_FORMAT = dwarf;
				ENABLE_STRICT_OBJC_MSGSEND = YES;
				ENABLE_TESTABILITY = YES;
				GCC_C_LANGUAGE_STANDARD = gnu11;
				GCC_DYNAMIC_NO_PIC = NO;
				GCC_NO_COMMON_BLOCKS = YES;
				GCC_OPTIMIZATION_LEVEL = 0;
				GCC_PREPROCESSOR_DEFINITIONS = (
					"DEBUG=1",
					"$(inherited)",
				);
				GCC_WARN_64_TO_32_BIT_CONVERSION = YES;
				GCC_WARN_ABOUT_RETURN_TYPE = YES_ERROR;
				GCC_WARN_UNDECLARED_SELECTOR = YES;
				GCC_WARN_UNINITIALIZED_AUTOS = YES_AGGRESSIVE;
				GCC_WARN_UNUSED_FUNCTION = YES;
				GCC_WARN_UNUSED_VARIABLE = YES;
				IPHONEOS_DEPLOYMENT_TARGET = 12.1;
				MTL_ENABLE_DEBUG_INFO = INCLUDE_SOURCE;
				MTL_FAST_MATH = YES;
				ONLY_ACTIVE_ARCH = YES;
				SDKROOT = iphoneos;
				SWIFT_ACTIVE_COMPILATION_CONDITIONS = DEBUG;
				SWIFT_OPTIMIZATION_LEVEL = "-Onone";
			};
			name = Debug;
		};
		ECD2C7DF21EC716700C21242 /* Release */ = {
			isa = XCBuildConfiguration;
			buildSettings = {
				ALWAYS_SEARCH_USER_PATHS = NO;
				CLANG_ANALYZER_NONNULL = YES;
				CLANG_ANALYZER_NUMBER_OBJECT_CONVERSION = YES_AGGRESSIVE;
				CLANG_CXX_LANGUAGE_STANDARD = "gnu++14";
				CLANG_CXX_LIBRARY = "libc++";
				CLANG_ENABLE_MODULES = YES;
				CLANG_ENABLE_OBJC_ARC = YES;
				CLANG_ENABLE_OBJC_WEAK = YES;
				CLANG_WARN_BLOCK_CAPTURE_AUTORELEASING = YES;
				CLANG_WARN_BOOL_CONVERSION = YES;
				CLANG_WARN_COMMA = YES;
				CLANG_WARN_CONSTANT_CONVERSION = YES;
				CLANG_WARN_DEPRECATED_OBJC_IMPLEMENTATIONS = YES;
				CLANG_WARN_DIRECT_OBJC_ISA_USAGE = YES_ERROR;
				CLANG_WARN_DOCUMENTATION_COMMENTS = YES;
				CLANG_WARN_EMPTY_BODY = YES;
				CLANG_WARN_ENUM_CONVERSION = YES;
				CLANG_WARN_INFINITE_RECURSION = YES;
				CLANG_WARN_INT_CONVERSION = YES;
				CLANG_WARN_NON_LITERAL_NULL_CONVERSION = YES;
				CLANG_WARN_OBJC_IMPLICIT_RETAIN_SELF = YES;
				CLANG_WARN_OBJC_LITERAL_CONVERSION = YES;
				CLANG_WARN_OBJC_ROOT_CLASS = YES_ERROR;
				CLANG_WARN_RANGE_LOOP_ANALYSIS = YES;
				CLANG_WARN_STRICT_PROTOTYPES = YES;
				CLANG_WARN_SUSPICIOUS_MOVE = YES;
				CLANG_WARN_UNGUARDED_AVAILABILITY = YES_AGGRESSIVE;
				CLANG_WARN_UNREACHABLE_CODE = YES;
				CLANG_WARN__DUPLICATE_METHOD_MATCH = YES;
				CODE_SIGN_IDENTITY = "iPhone Developer";
				COPY_PHASE_STRIP = NO;
				DEBUG_INFORMATION_FORMAT = "dwarf-with-dsym";
				ENABLE_NS_ASSERTIONS = NO;
				ENABLE_STRICT_OBJC_MSGSEND = YES;
				GCC_C_LANGUAGE_STANDARD = gnu11;
				GCC_NO_COMMON_BLOCKS = YES;
				GCC_WARN_64_TO_32_BIT_CONVERSION = YES;
				GCC_WARN_ABOUT_RETURN_TYPE = YES_ERROR;
				GCC_WARN_UNDECLARED_SELECTOR = YES;
				GCC_WARN_UNINITIALIZED_AUTOS = YES_AGGRESSIVE;
				GCC_WARN_UNUSED_FUNCTION = YES;
				GCC_WARN_UNUSED_VARIABLE = YES;
				IPHONEOS_DEPLOYMENT_TARGET = 12.1;
				MTL_ENABLE_DEBUG_INFO = NO;
				MTL_FAST_MATH = YES;
				SDKROOT = iphoneos;
				SWIFT_COMPILATION_MODE = wholemodule;
				SWIFT_OPTIMIZATION_LEVEL = "-O";
				VALIDATE_PRODUCT = YES;
			};
			name = Release;
		};
		ECD2C7E121EC716700C21242 /* Debug */ = {
			isa = XCBuildConfiguration;
			buildSettings = {
				ASSETCATALOG_COMPILER_APPICON_NAME = AppIcon;
				CLANG_ENABLE_MODULES = YES;
				CODE_SIGN_STYLE = Automatic;
				DEVELOPMENT_TEAM = A5VC72964Y;
				INFOPLIST_FILE = "LeetCode-Swift-master/Info.plist";
				IPHONEOS_DEPLOYMENT_TARGET = 8.0;
				LD_RUNPATH_SEARCH_PATHS = (
					"$(inherited)",
					"@executable_path/Frameworks",
				);
				PRODUCT_BUNDLE_IDENTIFIER = com.lengian.LeetCode;
				PRODUCT_NAME = LeetCodeSwiftMaster;
				SWIFT_OPTIMIZATION_LEVEL = "-Onone";
				SWIFT_VERSION = 5.0;
				TARGETED_DEVICE_FAMILY = "1,2";
			};
			name = Debug;
		};
		ECD2C7E221EC716700C21242 /* Release */ = {
			isa = XCBuildConfiguration;
			buildSettings = {
				ASSETCATALOG_COMPILER_APPICON_NAME = AppIcon;
				CLANG_ENABLE_MODULES = YES;
				CODE_SIGN_STYLE = Automatic;
				DEVELOPMENT_TEAM = A5VC72964Y;
				INFOPLIST_FILE = "LeetCode-Swift-master/Info.plist";
				IPHONEOS_DEPLOYMENT_TARGET = 8.0;
				LD_RUNPATH_SEARCH_PATHS = (
					"$(inherited)",
					"@executable_path/Frameworks",
				);
				PRODUCT_BUNDLE_IDENTIFIER = com.lengian.LeetCode;
				PRODUCT_NAME = LeetCodeSwiftMaster;
				SWIFT_VERSION = 5.0;
				TARGETED_DEVICE_FAMILY = "1,2";
			};
			name = Release;
		};
		ECD2C7E421EC716700C21242 /* Debug */ = {
			isa = XCBuildConfiguration;
			buildSettings = {
				ALWAYS_EMBED_SWIFT_STANDARD_LIBRARIES = YES;
				BUNDLE_LOADER = "$(TEST_HOST)";
				CODE_SIGN_STYLE = Automatic;
				DEVELOPMENT_TEAM = A5VC72964Y;
				INFOPLIST_FILE = "LeetCode-Swift-masterTests/Info.plist";
				LD_RUNPATH_SEARCH_PATHS = (
					"$(inherited)",
					"@executable_path/Frameworks",
					"@loader_path/Frameworks",
				);
				PRODUCT_BUNDLE_IDENTIFIER = "com.lengian.LeetCode-Swift-masterTests";
				PRODUCT_NAME = "$(TARGET_NAME)";
				SWIFT_VERSION = 4.2;
				TARGETED_DEVICE_FAMILY = "1,2";
				TEST_HOST = "$(BUILT_PRODUCTS_DIR)/LeetCode-Swift-master.app/LeetCode-Swift-master";
			};
			name = Debug;
		};
		ECD2C7E521EC716700C21242 /* Release */ = {
			isa = XCBuildConfiguration;
			buildSettings = {
				ALWAYS_EMBED_SWIFT_STANDARD_LIBRARIES = YES;
				BUNDLE_LOADER = "$(TEST_HOST)";
				CODE_SIGN_STYLE = Automatic;
				DEVELOPMENT_TEAM = A5VC72964Y;
				INFOPLIST_FILE = "LeetCode-Swift-masterTests/Info.plist";
				LD_RUNPATH_SEARCH_PATHS = (
					"$(inherited)",
					"@executable_path/Frameworks",
					"@loader_path/Frameworks",
				);
				PRODUCT_BUNDLE_IDENTIFIER = "com.lengian.LeetCode-Swift-masterTests";
				PRODUCT_NAME = "$(TARGET_NAME)";
				SWIFT_VERSION = 4.2;
				TARGETED_DEVICE_FAMILY = "1,2";
				TEST_HOST = "$(BUILT_PRODUCTS_DIR)/LeetCode-Swift-master.app/LeetCode-Swift-master";
			};
			name = Release;
		};
		ECD2C7E721EC716700C21242 /* Debug */ = {
			isa = XCBuildConfiguration;
			buildSettings = {
				ALWAYS_EMBED_SWIFT_STANDARD_LIBRARIES = YES;
				CODE_SIGN_STYLE = Automatic;
				DEVELOPMENT_TEAM = A5VC72964Y;
				INFOPLIST_FILE = "LeetCode-Swift-masterUITests/Info.plist";
				LD_RUNPATH_SEARCH_PATHS = (
					"$(inherited)",
					"@executable_path/Frameworks",
					"@loader_path/Frameworks",
				);
				PRODUCT_BUNDLE_IDENTIFIER = "com.lengian.LeetCode-Swift-masterUITests";
				PRODUCT_NAME = "$(TARGET_NAME)";
				SWIFT_VERSION = 4.2;
				TARGETED_DEVICE_FAMILY = "1,2";
				TEST_TARGET_NAME = "LeetCode-Swift-master";
			};
			name = Debug;
		};
		ECD2C7E821EC716700C21242 /* Release */ = {
			isa = XCBuildConfiguration;
			buildSettings = {
				ALWAYS_EMBED_SWIFT_STANDARD_LIBRARIES = YES;
				CODE_SIGN_STYLE = Automatic;
				DEVELOPMENT_TEAM = A5VC72964Y;
				INFOPLIST_FILE = "LeetCode-Swift-masterUITests/Info.plist";
				LD_RUNPATH_SEARCH_PATHS = (
					"$(inherited)",
					"@executable_path/Frameworks",
					"@loader_path/Frameworks",
				);
				PRODUCT_BUNDLE_IDENTIFIER = "com.lengian.LeetCode-Swift-masterUITests";
				PRODUCT_NAME = "$(TARGET_NAME)";
				SWIFT_VERSION = 4.2;
				TARGETED_DEVICE_FAMILY = "1,2";
				TEST_TARGET_NAME = "LeetCode-Swift-master";
			};
			name = Release;
		};
/* End XCBuildConfiguration section */

/* Begin XCConfigurationList section */
		ECD2C7B321EC716600C21242 /* Build configuration list for PBXProject "LeetCode-Swift-master" */ = {
			isa = XCConfigurationList;
			buildConfigurations = (
				ECD2C7DE21EC716700C21242 /* Debug */,
				ECD2C7DF21EC716700C21242 /* Release */,
			);
			defaultConfigurationIsVisible = 0;
			defaultConfigurationName = Release;
		};
		ECD2C7E021EC716700C21242 /* Build configuration list for PBXNativeTarget "LeetCode-Swift-master" */ = {
			isa = XCConfigurationList;
			buildConfigurations = (
				ECD2C7E121EC716700C21242 /* Debug */,
				ECD2C7E221EC716700C21242 /* Release */,
			);
			defaultConfigurationIsVisible = 0;
			defaultConfigurationName = Release;
		};
		ECD2C7E321EC716700C21242 /* Build configuration list for PBXNativeTarget "LeetCode-Swift-masterTests" */ = {
			isa = XCConfigurationList;
			buildConfigurations = (
				ECD2C7E421EC716700C21242 /* Debug */,
				ECD2C7E521EC716700C21242 /* Release */,
			);
			defaultConfigurationIsVisible = 0;
			defaultConfigurationName = Release;
		};
		ECD2C7E621EC716700C21242 /* Build configuration list for PBXNativeTarget "LeetCode-Swift-masterUITests" */ = {
			isa = XCConfigurationList;
			buildConfigurations = (
				ECD2C7E721EC716700C21242 /* Debug */,
				ECD2C7E821EC716700C21242 /* Release */,
			);
			defaultConfigurationIsVisible = 0;
			defaultConfigurationName = Release;
		};
/* End XCConfigurationList section */
	};
	rootObject = ECD2C7B021EC716600C21242 /* Project object */;
}
